
Microsoft Visual Studio Solution File, Format Version 12.00
# Visual Studio 15
VisualStudioVersion = 15.0.28307.489
MinimumVisualStudioVersion = 10.0.40219.1
Project("{FAE04EC0-301F-11D3-BF4B-00C04F79EFBC}") = "Froushgah", "Froushgah\Froushgah.csproj", "{19719B26-55DA-4DAF-BE72-5AF8C02F245F}"
EndProject
Project("{FAE04EC0-301F-11D3-BF4B-00C04F79EFBC}") = "DataLayer", "DataLayer\DataLayer.csproj", "{75B58C8C-FB44-46C3-97F7-6A1F62507D7B}"
EndProject
Global
	GlobalSection(SolutionConfigurationPlatforms) = preSolution
		Debug|Any CPU = Debug|Any CPU
		Release|Any CPU = Release|Any CPU
	EndGlobalSection
	GlobalSection(ProjectConfigurationPlatforms) = postSolution
		{19719B26-55DA-4DAF-BE72-5AF8C02F245F}.Debug|Any CPU.ActiveCfg = Debug|Any CPU
		{19719B26-55DA-4DAF-BE72-5AF8C02F245F}.Debug|Any CPU.Build.0 = Debug|Any CPU
		{19719B26-55DA-4DAF-BE72-5AF8C02F245F}.Release|Any CPU.ActiveCfg = Release|Any CPU
		{19719B26-55DA-4DAF-BE72-5AF8C02F245F}.Release|Any CPU.Build.0 = Release|Any CPU
		{75B58C8C-FB44-46C3-97F7-6A1F62507D7B}.Debug|Any CPU.ActiveCfg = Debug|Any CPU
		{75B58C8C-FB44-46C3-97F7-6A1F62507D7B}.Debug|Any CPU.Build.0 = Debug|Any CPU
		{75B58C8C-FB44-46C3-97F7-6A1F62507D7B}.Release|Any CPU.ActiveCfg = Release|Any CPU
		{75B58C8C-FB44-46C3-97F7-6A1F62507D7B}.Release|Any CPU.Build.0 = Release|Any CPU
	EndGlobalSection
	GlobalSection(SolutionProperties) = preSolution
		HideSolutionNode = FALSE
	EndGlobalSection
	GlobalSection(ExtensibilityGlobals) = postSolution
		SolutionGuid = {85EC626C-D99A-46D6-891F-546B0319E7F4}
	EndGlobalSection
EndGlobal
